
Microsoft Visual Studio Solution File, Format Version 12.00
# Visual Studio 15
VisualStudioVersion = 15.0.28307.271
MinimumVisualStudioVersion = 10.0.40219.1
Project("{9A19103F-16F7-4668-BE54-9A1E7A4F7556}") = "Lesson1.Tests", "Tests\Lesson1.Tests\Lesson1.Tests.csproj", "{F2BA8084-F8C9-4312-8671-9B1F62DEBEBE}"
EndProject
Project("{9A19103F-16F7-4668-BE54-9A1E7A4F7556}") = "Lesson1", "Lesson1\Lesson1.csproj", "{E473B3DC-6E80-4ABE-BB06-00089580377A}"
EndProject
Project("{9A19103F-16F7-4668-BE54-9A1E7A4F7556}") = "Lesson2", "Lesson2\Lesson2.csproj", "{5CA5BABF-1B22-4969-8590-0BB842E04FBF}"
EndProject
Project("{9A19103F-16F7-4668-BE54-9A1E7A4F7556}") = "Lesson2.Tests", "Tests\Lesson2.Tests\Lesson2.Tests.csproj", "{0F3E23BC-0E37-4BE0-94CD-FA47A15234EB}"
EndProject
Project("{9A19103F-16F7-4668-BE54-9A1E7A4F7556}") = "Lesson2b", "Lesson2b\Lesson2b.csproj", "{5C5F6783-55DD-4096-A619-CCB17AE9703F}"
EndProject
Project("{9A19103F-16F7-4668-BE54-9A1E7A4F7556}") = "Lesson2b.Tests", "Tests\Lesson2b.Tests\Lesson2b.Tests.csproj", "{2892D651-AF82-4481-9B53-9AEC20246869}"
EndProject
Project("{9A19103F-16F7-4668-BE54-9A1E7A4F7556}") = "Lesson3", "Lesson3a\Lesson3.csproj", "{D8E5CFF5-B099-491A-82CF-B86E9BB2A707}"
EndProject
Project("{9A19103F-16F7-4668-BE54-9A1E7A4F7556}") = "Lesson3.Tests", "Tests\Lesson3.Tests\Lesson3.Tests.csproj", "{61207ED8-5EA8-4E33-A8F4-CA4D41C377C2}"
EndProject
Project("{FAE04EC0-301F-11D3-BF4B-00C04F79EFBC}") = "Lesson4", "Lesson4\Lesson4.csproj", "{66B2DA43-9032-491A-87C9-BEB7A9539D8E}"
EndProject
Project("{FAE04EC0-301F-11D3-BF4B-00C04F79EFBC}") = "Lesson4.Tests", "Tests\Lesson4.Tests\Lesson4.Tests.csproj", "{9F5E9EFF-B712-4B51-A687-3FA20E8B6F20}"
EndProject
Global
	GlobalSection(SolutionConfigurationPlatforms) = preSolution
		Debug|Any CPU = Debug|Any CPU
		Release|Any CPU = Release|Any CPU
	EndGlobalSection
	GlobalSection(ProjectConfigurationPlatforms) = postSolution
		{F2BA8084-F8C9-4312-8671-9B1F62DEBEBE}.Debug|Any CPU.ActiveCfg = Debug|Any CPU
		{F2BA8084-F8C9-4312-8671-9B1F62DEBEBE}.Debug|Any CPU.Build.0 = Debug|Any CPU
		{F2BA8084-F8C9-4312-8671-9B1F62DEBEBE}.Release|Any CPU.ActiveCfg = Release|Any CPU
		{F2BA8084-F8C9-4312-8671-9B1F62DEBEBE}.Release|Any CPU.Build.0 = Release|Any CPU
		{E473B3DC-6E80-4ABE-BB06-00089580377A}.Debug|Any CPU.ActiveCfg = Debug|Any CPU
		{E473B3DC-6E80-4ABE-BB06-00089580377A}.Debug|Any CPU.Build.0 = Debug|Any CPU
		{E473B3DC-6E80-4ABE-BB06-00089580377A}.Release|Any CPU.ActiveCfg = Release|Any CPU
		{E473B3DC-6E80-4ABE-BB06-00089580377A}.Release|Any CPU.Build.0 = Release|Any CPU
		{5CA5BABF-1B22-4969-8590-0BB842E04FBF}.Debug|Any CPU.ActiveCfg = Debug|Any CPU
		{5CA5BABF-1B22-4969-8590-0BB842E04FBF}.Debug|Any CPU.Build.0 = Debug|Any CPU
		{5CA5BABF-1B22-4969-8590-0BB842E04FBF}.Release|Any CPU.ActiveCfg = Release|Any CPU
		{5CA5BABF-1B22-4969-8590-0BB842E04FBF}.Release|Any CPU.Build.0 = Release|Any CPU
		{0F3E23BC-0E37-4BE0-94CD-FA47A15234EB}.Debug|Any CPU.ActiveCfg = Debug|Any CPU
		{0F3E23BC-0E37-4BE0-94CD-FA47A15234EB}.Debug|Any CPU.Build.0 = Debug|Any CPU
		{0F3E23BC-0E37-4BE0-94CD-FA47A15234EB}.Release|Any CPU.ActiveCfg = Release|Any CPU
		{0F3E23BC-0E37-4BE0-94CD-FA47A15234EB}.Release|Any CPU.Build.0 = Release|Any CPU
		{5C5F6783-55DD-4096-A619-CCB17AE9703F}.Debug|Any CPU.ActiveCfg = Debug|Any CPU
		{5C5F6783-55DD-4096-A619-CCB17AE9703F}.Debug|Any CPU.Build.0 = Debug|Any CPU
		{5C5F6783-55DD-4096-A619-CCB17AE9703F}.Release|Any CPU.ActiveCfg = Release|Any CPU
		{5C5F6783-55DD-4096-A619-CCB17AE9703F}.Release|Any CPU.Build.0 = Release|Any CPU
		{2892D651-AF82-4481-9B53-9AEC20246869}.Debug|Any CPU.ActiveCfg = Debug|Any CPU
		{2892D651-AF82-4481-9B53-9AEC20246869}.Debug|Any CPU.Build.0 = Debug|Any CPU
		{2892D651-AF82-4481-9B53-9AEC20246869}.Release|Any CPU.ActiveCfg = Release|Any CPU
		{2892D651-AF82-4481-9B53-9AEC20246869}.Release|Any CPU.Build.0 = Release|Any CPU
		{D8E5CFF5-B099-491A-82CF-B86E9BB2A707}.Debug|Any CPU.ActiveCfg = Debug|Any CPU
		{D8E5CFF5-B099-491A-82CF-B86E9BB2A707}.Debug|Any CPU.Build.0 = Debug|Any CPU
		{D8E5CFF5-B099-491A-82CF-B86E9BB2A707}.Release|Any CPU.ActiveCfg = Release|Any CPU
		{D8E5CFF5-B099-491A-82CF-B86E9BB2A707}.Release|Any CPU.Build.0 = Release|Any CPU
		{61207ED8-5EA8-4E33-A8F4-CA4D41C377C2}.Debug|Any CPU.ActiveCfg = Debug|Any CPU
		{61207ED8-5EA8-4E33-A8F4-CA4D41C377C2}.Debug|Any CPU.Build.0 = Debug|Any CPU
		{61207ED8-5EA8-4E33-A8F4-CA4D41C377C2}.Release|Any CPU.ActiveCfg = Release|Any CPU
		{61207ED8-5EA8-4E33-A8F4-CA4D41C377C2}.Release|Any CPU.Build.0 = Release|Any CPU
		{66B2DA43-9032-491A-87C9-BEB7A9539D8E}.Debug|Any CPU.ActiveCfg = Debug|Any CPU
		{66B2DA43-9032-491A-87C9-BEB7A9539D8E}.Debug|Any CPU.Build.0 = Debug|Any CPU
		{66B2DA43-9032-491A-87C9-BEB7A9539D8E}.Release|Any CPU.ActiveCfg = Release|Any CPU
		{66B2DA43-9032-491A-87C9-BEB7A9539D8E}.Release|Any CPU.Build.0 = Release|Any CPU
		{9F5E9EFF-B712-4B51-A687-3FA20E8B6F20}.Debug|Any CPU.ActiveCfg = Debug|Any CPU
		{9F5E9EFF-B712-4B51-A687-3FA20E8B6F20}.Debug|Any CPU.Build.0 = Debug|Any CPU
		{9F5E9EFF-B712-4B51-A687-3FA20E8B6F20}.Release|Any CPU.ActiveCfg = Release|Any CPU
		{9F5E9EFF-B712-4B51-A687-3FA20E8B6F20}.Release|Any CPU.Build.0 = Release|Any CPU
	EndGlobalSection
	GlobalSection(SolutionProperties) = preSolution
		HideSolutionNode = FALSE
	EndGlobalSection
	GlobalSection(ExtensibilityGlobals) = postSolution
		SolutionGuid = {711D76D1-62A1-4D95-AAE5-D84BBC9712D7}
	EndGlobalSection
EndGlobal
